// !$*UTF8*$!
{
	archiveVersion = 1;
	classes = {
	};
	objectVersion = 77;
	objects = {

/* Begin PBXBuildFile section */
		5A1E00000000000000000081 /* AppIntents.framework in Frameworks */ = {isa = PBXBuildFile; fileRef = 5A1E00000000000000000080 /* AppIntents.framework */; };
/* End PBXBuildFile section */

/* Begin PBXContainerItemProxy section */
		5A1E00000000000000000031 /* PBXContainerItemProxy */ = {
			isa = PBXContainerItemProxy;
			containerPortal = 5A1E00000000000000000001 /* Project object */;
			proxyType = 1;
			remoteGlobalIDString = 5A1E00000000000000000010;
			remoteInfo = SalesApp;
		};
/* End PBXContainerItemProxy section */

/* Begin PBXFileReference section */
		5A1E00000000000000000011 /* SalesApp.app */ = {isa = PBXFileReference; explicitFileType = wrapper.application; includeInIndex = 0; path = SalesApp.app; sourceTree = BUILT_PRODUCTS_DIR; };
		5A1E00000000000000000021 /* SalesAppTests.xctest */ = {isa = PBXFileReference; explicitFileType = wrapper.cfbundle; includeInIndex = 0; path = SalesAppTests.xctest; sourceTree = BUILT_PRODUCTS_DIR; };
		5A1E00000000000000000080 /* AppIntents.framework */ = {isa = PBXFileReference; lastKnownFileType = wrapper.framework; name = AppIntents.framework; path = System/Library/Frameworks/AppIntents.framework; sourceTree = SDKROOT; };
		5A1E00000000000000000041 /* Info.plist */ = {isa = PBXFileReference; lastKnownFileType = text.plist.xml; path = Info.plist; sourceTree = "<group>"; };
/* End PBXFileReference section */

/* Begin PBXFileSystemSynchronizedRootGroup section */
		5A1E00000000000000000012 /* SalesApp */ = {
			isa = PBXFileSystemSynchronizedRootGroup;
			path = SalesApp;
			sourceTree = "<group>";
		};
		5A1E00000000000000000022 /* SalesAppTests */ = {
			isa = PBXFileSystemSynchronizedRootGroup;
			path = SalesAppTests;
			sourceTree = "<group>";
		};
/* End PBXFileSystemSynchronizedRootGroup section */

/* Begin PBXFrameworksBuildPhase section */
		5A1E00000000000000000014 /* Frameworks */ = {
			isa = PBXFrameworksBuildPhase;
			buildActionMask = 2147483647;
			files = (
				5A1E00000000000000000081 /* AppIntents.framework in Frameworks */,
			);
			runOnlyForDeploymentPostprocessing = 0;
		};
		5A1E00000000000000000024 /* Frameworks */ = {
			isa = PBXFrameworksBuildPhase;
			buildActionMask = 2147483647;
			files = (
			);
			runOnlyForDeploymentPostprocessing = 0;
		};
/* End PBXFrameworksBuildPhase section */

/* Begin PBXGroup section */
		5A1E00000000000000000002 = {
			isa = PBXGroup;
			children = (
				5A1E00000000000000000012 /* SalesApp */,
				5A1E00000000000000000022 /* SalesAppTests */,
				5A1E00000000000000000040 /* Config */,
				5A1E00000000000000000082 /* Frameworks */,
				5A1E00000000000000000003 /* Products */,
			);
			sourceTree = "<group>";
		};
		5A1E00000000000000000003 /* Products */ = {
			isa = PBXGroup;
			children = (
				5A1E00000000000000000011 /* SalesApp.app */,
				5A1E00000000000000000021 /* SalesAppTests.xctest */,
			);
			name = Products;
			sourceTree = "<group>";
		};
		5A1E00000000000000000082 /* Frameworks */ = {
			isa = PBXGroup;
			children = (
				5A1E00000000000000000080 /* AppIntents.framework */,
			);
			name = Frameworks;
			sourceTree = "<group>";
		};
		5A1E00000000000000000040 /* Config */ = {
			isa = PBXGroup;
			children = (
				5A1E00000000000000000041 /* Info.plist */,
			);
			path = Config;
			sourceTree = "<group>";
		};
/* End PBXGroup section */

/* Begin PBXNativeTarget section */
		5A1E00000000000000000010 /* SalesApp */ = {
			isa = PBXNativeTarget;
			buildConfigurationList = 5A1E00000000000000000050 /* Build configuration list for PBXNativeTarget "SalesApp" */;
			buildPhases = (
				5A1E00000000000000000013 /* Sources */,
				5A1E00000000000000000014 /* Frameworks */,
				5A1E00000000000000000015 /* Resources */,
			);
			buildRules = (
			);
			dependencies = (
			);
			fileSystemSynchronizedGroups = (
				5A1E00000000000000000012 /* SalesApp */,
			);
			name = SalesApp;
			productName = SalesApp;
			productReference = 5A1E00000000000000000011 /* SalesApp.app */;
			productType = "com.apple.product-type.application";
		};
		5A1E00000000000000000020 /* SalesAppTests */ = {
			isa = PBXNativeTarget;
			buildConfigurationList = 5A1E00000000000000000060 /* Build configuration list for PBXNativeTarget "SalesAppTests" */;
			buildPhases = (
				5A1E00000000000000000023 /* Sources */,
				5A1E00000000000000000024 /* Frameworks */,
				5A1E00000000000000000025 /* Resources */,
			);
			buildRules = (
			);
			dependencies = (
				5A1E00000000000000000032 /* PBXTargetDependency */,
			);
			fileSystemSynchronizedGroups = (
				5A1E00000000000000000022 /* SalesAppTests */,
			);
			name = SalesAppTests;
			productName = SalesAppTests;
			productReference = 5A1E00000000000000000021 /* SalesAppTests.xctest */;
			productType = "com.apple.product-type.bundle.unit-test";
		};
/* End PBXNativeTarget section */

/* Begin PBXProject section */
		5A1E00000000000000000001 /* Project object */ = {
			isa = PBXProject;
			attributes = {
				BuildIndependentTargetsInParallel = 1;
				LastSwiftUpdateCheck = 2710;
				LastUpgradeCheck = 2710;
				TargetAttributes = {
					5A1E00000000000000000010 = {
						CreatedOnToolsVersion = 27.1;
					};
					5A1E00000000000000000020 = {
						CreatedOnToolsVersion = 27.1;
						TestTargetID = 5A1E00000000000000000010;
					};
				};
			};
			buildConfigurationList = 5A1E00000000000000000070 /* Build configuration list for PBXProject "SalesApp" */;
			developmentRegion = en;
			hasScannedForEncodings = 0;
			knownRegions = (
				en,
				Base,
			);
			mainGroup = 5A1E00000000000000000002;
			minimizedProjectReferenceProxies = 1;
			preferredProjectObjectVersion = 77;
			productRefGroup = 5A1E00000000000000000003 /* Products */;
			projectDirPath = "";
			projectRoot = "";
			targets = (
				5A1E00000000000000000010 /* SalesApp */,
				5A1E00000000000000000020 /* SalesAppTests */,
			);
		};
/* End PBXProject section */

/* Begin PBXResourcesBuildPhase section */
		5A1E00000000000000000015 /* Resources */ = {
			isa = PBXResourcesBuildPhase;
			buildActionMask = 2147483647;
			files = (
			);
			runOnlyForDeploymentPostprocessing = 0;
		};
		5A1E00000000000000000025 /* Resources */ = {
			isa = PBXResourcesBuildPhase;
			buildActionMask = 2147483647;
			files = (
			);
			runOnlyForDeploymentPostprocessing = 0;
		};
/* End PBXResourcesBuildPhase section */

/* Begin PBXSourcesBuildPhase section */
		5A1E00000000000000000013 /* Sources */ = {
			isa = PBXSourcesBuildPhase;
			buildActionMask = 2147483647;
			files = (
			);
			runOnlyForDeploymentPostprocessing = 0;
		};
		5A1E00000000000000000023 /* Sources */ = {
			isa = PBXSourcesBuildPhase;
			buildActionMask = 2147483647;
			files = (
			);
			runOnlyForDeploymentPostprocessing = 0;
		};
/* End PBXSourcesBuildPhase section */

/* Begin PBXTargetDependency section */
		5A1E00000000000000000032 /* PBXTargetDependency */ = {
			isa = PBXTargetDependency;
			target = 5A1E00000000000000000010 /* SalesApp */;
			targetProxy = 5A1E00000000000000000031 /* PBXContainerItemProxy */;
		};
/* End PBXTargetDependency section */

/* Begin XCBuildConfiguration section */
		5A1E00000000000000000071 /* Debug */ = {
			isa = XCBuildConfiguration;
			buildSettings = {
				ALWAYS_SEARCH_USER_PATHS = NO;
				ASSETCATALOG_COMPILER_GENERATE_SWIFT_ASSET_SYMBOL_EXTENSIONS = YES;
				CLANG_ENABLE_MODULES = YES;
				CLANG_ENABLE_OBJC_ARC = YES;
				COPY_PHASE_STRIP = NO;
				DEBUG_INFORMATION_FORMAT = dwarf;
				ENABLE_STRICT_OBJC_MSGSEND = YES;
				ENABLE_TESTABILITY = YES;
				ENABLE_USER_SCRIPT_SANDBOXING = YES;
				GCC_OPTIMIZATION_LEVEL = 0;
				GCC_PREPROCESSOR_DEFINITIONS = (
					"DEBUG=1",
					"$(inherited)",
				);
				IPHONEOS_DEPLOYMENT_TARGET = 26.0;
				LOCALIZATION_PREFERS_STRING_CATALOGS = YES;
				MTL_ENABLE_DEBUG_INFO = INCLUDE_SOURCE;
				ONLY_ACTIVE_ARCH = YES;
				SDKROOT = iphoneos;
				SWIFT_ACTIVE_COMPILATION_CONDITIONS = "DEBUG $(inherited)";
				SWIFT_OPTIMIZATION_LEVEL = "-Onone";
				SWIFT_VERSION = 6.0;
			};
			name = Debug;
		};
		5A1E00000000000000000072 /* Release */ = {
			isa = XCBuildConfiguration;
			buildSettings = {
				ALWAYS_SEARCH_USER_PATHS = NO;
				ASSETCATALOG_COMPILER_GENERATE_SWIFT_ASSET_SYMBOL_EXTENSIONS = YES;
				CLANG_ENABLE_MODULES = YES;
				CLANG_ENABLE_OBJC_ARC = YES;
				COPY_PHASE_STRIP = NO;
				DEBUG_INFORMATION_FORMAT = "dwarf-with-dsym";
				ENABLE_NS_ASSERTIONS = NO;
				ENABLE_STRICT_OBJC_MSGSEND = YES;
				ENABLE_USER_SCRIPT_SANDBOXING = YES;
				IPHONEOS_DEPLOYMENT_TARGET = 26.0;
				LOCALIZATION_PREFERS_STRING_CATALOGS = YES;
				MTL_ENABLE_DEBUG_INFO = NO;
				SDKROOT = iphoneos;
				SWIFT_COMPILATION_MODE = wholemodule;
				SWIFT_VERSION = 6.0;
				VALIDATE_PRODUCT = YES;
			};
			name = Release;
		};
		5A1E00000000000000000051 /* Debug */ = {
			isa = XCBuildConfiguration;
			buildSettings = {
				ASSETCATALOG_COMPILER_APPICON_NAME = Sales;
				ASSETCATALOG_COMPILER_GLOBAL_ACCENT_COLOR_NAME = AccentColor;
				CODE_SIGN_STYLE = Automatic;
				"CODE_SIGN_IDENTITY[sdk=iphonesimulator*]" = "-";
				CURRENT_PROJECT_VERSION = 1;
				ENABLE_PREVIEWS = YES;
				INFOPLIST_FILE = Config/Info.plist;
				INFOPLIST_KEY_CFBundleDisplayName = Sales;
				INFOPLIST_KEY_LSApplicationCategoryType = "public.app-category.business";
				INFOPLIST_KEY_NSMicrophoneUsageDescription = "Sales listens while you say a note. The words are transcribed on your phone and the audio is never kept or sent.";
				INFOPLIST_KEY_NSSpeechRecognitionUsageDescription = "Sales turns what you say into a note, on your phone. The audio never leaves it.";
				INFOPLIST_KEY_NSFaceIDUsageDescription = "Sales uses Face ID to keep your customers and deals private when you come back to the app.";
				INFOPLIST_KEY_UIApplicationSceneManifest_Generation = YES;
				INFOPLIST_KEY_UILaunchScreen_Generation = YES;
				INFOPLIST_KEY_UISupportedInterfaceOrientations = UIInterfaceOrientationPortrait;
				GENERATE_INFOPLIST_FILE = YES;
				LD_RUNPATH_SEARCH_PATHS = (
					"$(inherited)",
					"@executable_path/Frameworks",
				);
				MARKETING_VERSION = 0.1;
				PRODUCT_BUNDLE_IDENTIFIER = ca.2labs.sales;
				PRODUCT_NAME = "$(TARGET_NAME)";
				SALES_API_BASE_URL = "http:/$()/localhost:7071/api";
				SUPPORTED_PLATFORMS = "iphoneos iphonesimulator";
				SUPPORTS_MACCATALYST = NO;
				SWIFT_EMIT_LOC_STRINGS = YES;
				TARGETED_DEVICE_FAMILY = 1;
			};
			name = Debug;
		};
		5A1E00000000000000000052 /* Release */ = {
			isa = XCBuildConfiguration;
			buildSettings = {
				ASSETCATALOG_COMPILER_APPICON_NAME = Sales;
				ASSETCATALOG_COMPILER_GLOBAL_ACCENT_COLOR_NAME = AccentColor;
				CODE_SIGN_STYLE = Automatic;
				"CODE_SIGN_IDENTITY[sdk=iphonesimulator*]" = "-";
				CURRENT_PROJECT_VERSION = 1;
				ENABLE_PREVIEWS = YES;
				INFOPLIST_FILE = Config/Info.plist;
				INFOPLIST_KEY_CFBundleDisplayName = Sales;
				INFOPLIST_KEY_LSApplicationCategoryType = "public.app-category.business";
				INFOPLIST_KEY_NSMicrophoneUsageDescription = "Sales listens while you say a note. The words are transcribed on your phone and the audio is never kept or sent.";
				INFOPLIST_KEY_NSSpeechRecognitionUsageDescription = "Sales turns what you say into a note, on your phone. The audio never leaves it.";
				INFOPLIST_KEY_NSFaceIDUsageDescription = "Sales uses Face ID to keep your customers and deals private when you come back to the app.";
				INFOPLIST_KEY_UIApplicationSceneManifest_Generation = YES;
				INFOPLIST_KEY_UILaunchScreen_Generation = YES;
				INFOPLIST_KEY_UISupportedInterfaceOrientations = UIInterfaceOrientationPortrait;
				GENERATE_INFOPLIST_FILE = YES;
				LD_RUNPATH_SEARCH_PATHS = (
					"$(inherited)",
					"@executable_path/Frameworks",
				);
				MARKETING_VERSION = 0.1;
				PRODUCT_BUNDLE_IDENTIFIER = ca.2labs.sales;
				PRODUCT_NAME = "$(TARGET_NAME)";
				SALES_API_BASE_URL = "https:/$()/sales.2labs.ca/api";
				SUPPORTED_PLATFORMS = "iphoneos iphonesimulator";
				SUPPORTS_MACCATALYST = NO;
				SWIFT_EMIT_LOC_STRINGS = YES;
				TARGETED_DEVICE_FAMILY = 1;
			};
			name = Release;
		};
		5A1E00000000000000000061 /* Debug */ = {
			isa = XCBuildConfiguration;
			buildSettings = {
				BUNDLE_LOADER = "$(TEST_HOST)";
				CODE_SIGN_STYLE = Automatic;
				"CODE_SIGN_IDENTITY[sdk=iphonesimulator*]" = "-";
				CURRENT_PROJECT_VERSION = 1;
				GENERATE_INFOPLIST_FILE = YES;
				MARKETING_VERSION = 0.1;
				PRODUCT_BUNDLE_IDENTIFIER = ca.2labs.sales.tests;
				PRODUCT_NAME = "$(TARGET_NAME)";
				SUPPORTED_PLATFORMS = "iphoneos iphonesimulator";
				TARGETED_DEVICE_FAMILY = 1;
				TEST_HOST = "$(BUILT_PRODUCTS_DIR)/SalesApp.app/$(BUNDLE_EXECUTABLE_FOLDER_PATH)/SalesApp";
			};
			name = Debug;
		};
		5A1E00000000000000000062 /* Release */ = {
			isa = XCBuildConfiguration;
			buildSettings = {
				BUNDLE_LOADER = "$(TEST_HOST)";
				CODE_SIGN_STYLE = Automatic;
				"CODE_SIGN_IDENTITY[sdk=iphonesimulator*]" = "-";
				CURRENT_PROJECT_VERSION = 1;
				GENERATE_INFOPLIST_FILE = YES;
				MARKETING_VERSION = 0.1;
				PRODUCT_BUNDLE_IDENTIFIER = ca.2labs.sales.tests;
				PRODUCT_NAME = "$(TARGET_NAME)";
				SUPPORTED_PLATFORMS = "iphoneos iphonesimulator";
				TARGETED_DEVICE_FAMILY = 1;
				TEST_HOST = "$(BUILT_PRODUCTS_DIR)/SalesApp.app/$(BUNDLE_EXECUTABLE_FOLDER_PATH)/SalesApp";
			};
			name = Release;
		};
/* End XCBuildConfiguration section */

/* Begin XCConfigurationList section */
		5A1E00000000000000000050 /* Build configuration list for PBXNativeTarget "SalesApp" */ = {
			isa = XCConfigurationList;
			buildConfigurations = (
				5A1E00000000000000000051 /* Debug */,
				5A1E00000000000000000052 /* Release */,
			);
			defaultConfigurationIsVisible = 0;
			defaultConfigurationName = Release;
		};
		5A1E00000000000000000060 /* Build configuration list for PBXNativeTarget "SalesAppTests" */ = {
			isa = XCConfigurationList;
			buildConfigurations = (
				5A1E00000000000000000061 /* Debug */,
				5A1E00000000000000000062 /* Release */,
			);
			defaultConfigurationIsVisible = 0;
			defaultConfigurationName = Release;
		};
		5A1E00000000000000000070 /* Build configuration list for PBXProject "SalesApp" */ = {
			isa = XCConfigurationList;
			buildConfigurations = (
				5A1E00000000000000000071 /* Debug */,
				5A1E00000000000000000072 /* Release */,
			);
			defaultConfigurationIsVisible = 0;
			defaultConfigurationName = Release;
		};
/* End XCConfigurationList section */
	};
	rootObject = 5A1E00000000000000000001 /* Project object */;
}
